{
  "requires": true,
  "lockfileVersion": 1,
  "dependencies": {
    "pixi-smoothie": {
      "version": "4.5.3",
      "resolved": "https://registry.npmjs.org/pixi-smoothie/-/pixi-smoothie-4.5.3.tgz",
      "integrity": "sha512-Ca7A6MOIjGyHqv5pSgOB3EqmaJnvH0u3qkelhX54v7rBKClz9GkoBn25OU4KI+T3m9xFAESXUzsE6JCUUulusQ=="
    },
    "pixi-sound": {
      "version": "2.1.0",
      "resolved": "https://registry.npmjs.org/pixi-sound/-/pixi-sound-2.1.0.tgz",
      "integrity": "sha512-J3VtaOaWOnxdE3ynWjFpyecyN+fuxw16yiK/Oy1ZtdBoUDh3gM8oOPjMCXjSYyDIhEOUF+uJD8tZ/kopsZ/wvw=="
    },
    "web-audio-scheduler": {
      "version": "1.4.0",
      "resolved": "https://registry.npmjs.org/web-audio-scheduler/-/web-audio-scheduler-1.4.0.tgz",
      "integrity": "sha1-9LAnuoqMpkoHLtOsJ9GBaKCN7lo="
    }
  }
}
